
Microsoft Visual Studio Solution File, Format Version 12.00
# Visual Studio Version 17
VisualStudioVersion = 17.12.35209.166
MinimumVisualStudioVersion = 10.0.40219.1
Project("{FAE04EC0-301F-11D3-BF4B-00C04F79EFBC}") = "SAEID_SHARIATI_HW17", "SAEID_SHARIATI_HW17\SAEID_SHARIATI_HW17.csproj", "{5EC16321-EA7A-46DC-8A82-6B5C98B6BF05}"
EndProject
Project("{FAE04EC0-301F-11D3-BF4B-00C04F79EFBC}") = "DataAccessLayer", "DataAccessLayer\DataAccessLayer.csproj", "{59FFEFF5-AC91-4872-B876-A66CA0597ABF}"
EndProject
Project("{FAE04EC0-301F-11D3-BF4B-00C04F79EFBC}") = "BusinessLogicLayer", "BusinessLogicLayer\BusinessLogicLayer.csproj", "{CDC85A41-3638-4A36-B693-FEA22C3BF104}"
EndProject
Global
	GlobalSection(SolutionConfigurationPlatforms) = preSolution
		Debug|Any CPU = Debug|Any CPU
		Release|Any CPU = Release|Any CPU
	EndGlobalSection
	GlobalSection(ProjectConfigurationPlatforms) = postSolution
		{5EC16321-EA7A-46DC-8A82-6B5C98B6BF05}.Debug|Any CPU.ActiveCfg = Debug|Any CPU
		{5EC16321-EA7A-46DC-8A82-6B5C98B6BF05}.Debug|Any CPU.Build.0 = Debug|Any CPU
		{5EC16321-EA7A-46DC-8A82-6B5C98B6BF05}.Release|Any CPU.ActiveCfg = Release|Any CPU
		{5EC16321-EA7A-46DC-8A82-6B5C98B6BF05}.Release|Any CPU.Build.0 = Release|Any CPU
		{59FFEFF5-AC91-4872-B876-A66CA0597ABF}.Debug|Any CPU.ActiveCfg = Debug|Any CPU
		{59FFEFF5-AC91-4872-B876-A66CA0597ABF}.Debug|Any CPU.Build.0 = Debug|Any CPU
		{59FFEFF5-AC91-4872-B876-A66CA0597ABF}.Release|Any CPU.ActiveCfg = Release|Any CPU
		{59FFEFF5-AC91-4872-B876-A66CA0597ABF}.Release|Any CPU.Build.0 = Release|Any CPU
		{CDC85A41-3638-4A36-B693-FEA22C3BF104}.Debug|Any CPU.ActiveCfg = Debug|Any CPU
		{CDC85A41-3638-4A36-B693-FEA22C3BF104}.Debug|Any CPU.Build.0 = Debug|Any CPU
		{CDC85A41-3638-4A36-B693-FEA22C3BF104}.Release|Any CPU.ActiveCfg = Release|Any CPU
		{CDC85A41-3638-4A36-B693-FEA22C3BF104}.Release|Any CPU.Build.0 = Release|Any CPU
	EndGlobalSection
	GlobalSection(SolutionProperties) = preSolution
		HideSolutionNode = FALSE
	EndGlobalSection
	GlobalSection(ExtensibilityGlobals) = postSolution
		SolutionGuid = {A817D9B6-E36E-40FB-A5DD-7A2377EF43F3}
	EndGlobalSection
EndGlobal
